
Microsoft Visual Studio Solution File, Format Version 12.00
# Visual Studio 14
VisualStudioVersion = 14.0.25420.1
MinimumVisualStudioVersion = 10.0.40219.1
Project("{8BC9CEB8-8B4A-11D0-8D11-00A0C91BC942}") = "Updater", "Updater\Updater.vcxproj", "{B12702AD-ABFB-343A-A199-8E24837244A3}"
	ProjectSection(ProjectDependencies) = postProject
		{B5017217-7A4C-4092-B60C-B3CA94BB78C0} = {B5017217-7A4C-4092-B60C-B3CA94BB78C0}
	EndProjectSection
EndProject
Project("{8BC9CEB8-8B4A-11D0-8D11-00A0C91BC942}") = "XControls", "XControls\XControls.vcxproj", "{B5017217-7A4C-4092-B60C-B3CA94BB78C0}"
EndProject
Project("{8BC9CEB8-8B4A-11D0-8D11-00A0C91BC942}") = "XControlsExample", "XControlsExample\XControlsExample.vcxproj", "{36D91376-8159-4A77-A084-3E04DB641D5D}"
	ProjectSection(ProjectDependencies) = postProject
		{B5017217-7A4C-4092-B60C-B3CA94BB78C0} = {B5017217-7A4C-4092-B60C-B3CA94BB78C0}
	EndProjectSection
EndProject
Project("{8BC9CEB8-8B4A-11D0-8D11-00A0C91BC942}") = "SimpleForFramelessWindow", "SimpleForFramelessWindow\SimpleForFramelessWindow.vcxproj", "{92596D69-A297-4352-9077-4ECFEE3CDB84}"
EndProject
Project("{8BC9CEB8-8B4A-11D0-8D11-00A0C91BC942}") = "SampleForFrameless", "SampleForFrameless\SampleForFrameless.vcxproj", "{BB28103B-BD18-472C-B3CB-70C5FEAF4D52}"
EndProject
Global
	GlobalSection(SolutionConfigurationPlatforms) = preSolution
		Debug|x86 = Debug|x86
		Release|x86 = Release|x86
	EndGlobalSection
	GlobalSection(ProjectConfigurationPlatforms) = postSolution
		{B12702AD-ABFB-343A-A199-8E24837244A3}.Debug|x86.ActiveCfg = Debug|Win32
		{B12702AD-ABFB-343A-A199-8E24837244A3}.Debug|x86.Build.0 = Debug|Win32
		{B12702AD-ABFB-343A-A199-8E24837244A3}.Release|x86.ActiveCfg = Release|Win32
		{B12702AD-ABFB-343A-A199-8E24837244A3}.Release|x86.Build.0 = Release|Win32
		{B5017217-7A4C-4092-B60C-B3CA94BB78C0}.Debug|x86.ActiveCfg = Debug|Win32
		{B5017217-7A4C-4092-B60C-B3CA94BB78C0}.Debug|x86.Build.0 = Debug|Win32
		{B5017217-7A4C-4092-B60C-B3CA94BB78C0}.Release|x86.ActiveCfg = Release|Win32
		{B5017217-7A4C-4092-B60C-B3CA94BB78C0}.Release|x86.Build.0 = Release|Win32
		{36D91376-8159-4A77-A084-3E04DB641D5D}.Debug|x86.ActiveCfg = Debug|Win32
		{36D91376-8159-4A77-A084-3E04DB641D5D}.Debug|x86.Build.0 = Debug|Win32
		{36D91376-8159-4A77-A084-3E04DB641D5D}.Release|x86.ActiveCfg = Release|Win32
		{36D91376-8159-4A77-A084-3E04DB641D5D}.Release|x86.Build.0 = Release|Win32
		{92596D69-A297-4352-9077-4ECFEE3CDB84}.Debug|x86.ActiveCfg = Debug|Win32
		{92596D69-A297-4352-9077-4ECFEE3CDB84}.Debug|x86.Build.0 = Debug|Win32
		{92596D69-A297-4352-9077-4ECFEE3CDB84}.Release|x86.ActiveCfg = Release|Win32
		{92596D69-A297-4352-9077-4ECFEE3CDB84}.Release|x86.Build.0 = Release|Win32
		{BB28103B-BD18-472C-B3CB-70C5FEAF4D52}.Debug|x86.ActiveCfg = Debug|Win32
		{BB28103B-BD18-472C-B3CB-70C5FEAF4D52}.Debug|x86.Build.0 = Debug|Win32
		{BB28103B-BD18-472C-B3CB-70C5FEAF4D52}.Release|x86.ActiveCfg = Release|Win32
		{BB28103B-BD18-472C-B3CB-70C5FEAF4D52}.Release|x86.Build.0 = Release|Win32
	EndGlobalSection
	GlobalSection(SolutionProperties) = preSolution
		HideSolutionNode = FALSE
	EndGlobalSection
EndGlobal
